
Microsoft Visual Studio Solution File, Format Version 12.00
Project("{2150E333-8FDC-42A3-9474-1A3956D46DE8}") = "src", "src", "{92E99597-AF02-472B-B4FD-B2DCBD4B5AA0}"
EndProject
Project("{FAE04EC0-301F-11D3-BF4B-00C04F79EFBC}") = "BlazorServerApp1", "src\BlazorServerApp1\BlazorServerApp1.csproj", "{5A73F7B4-FD17-48F9-B54D-CAA2DB58DD69}"
EndProject
Global
	GlobalSection(SolutionConfigurationPlatforms) = preSolution
		Debug|Any CPU = Debug|Any CPU
		Release|Any CPU = Release|Any CPU
	EndGlobalSection
	GlobalSection(NestedProjects) = preSolution
		{5A73F7B4-FD17-48F9-B54D-CAA2DB58DD69} = {92E99597-AF02-472B-B4FD-B2DCBD4B5AA0}
	EndGlobalSection
	GlobalSection(ProjectConfigurationPlatforms) = postSolution
		{5A73F7B4-FD17-48F9-B54D-CAA2DB58DD69}.Debug|Any CPU.ActiveCfg = Debug|Any CPU
		{5A73F7B4-FD17-48F9-B54D-CAA2DB58DD69}.Debug|Any CPU.Build.0 = Debug|Any CPU
		{5A73F7B4-FD17-48F9-B54D-CAA2DB58DD69}.Release|Any CPU.ActiveCfg = Release|Any CPU
		{5A73F7B4-FD17-48F9-B54D-CAA2DB58DD69}.Release|Any CPU.Build.0 = Release|Any CPU
	EndGlobalSection
EndGlobal
